
Microsoft Visual Studio Solution File, Format Version 12.00
# Visual Studio Version 17
VisualStudioVersion = 17.9.34321.82
MinimumVisualStudioVersion = 10.0.40219.1
Project("{FAE04EC0-301F-11D3-BF4B-00C04F79EFBC}") = "InheritanceExercise", "InheritanceExercise\InheritanceExercise.csproj", "{DFFA8B5F-026D-4770-A337-F2264FFB42B7}"
EndProject
Global
	GlobalSection(SolutionConfigurationPlatforms) = preSolution
		Debug|Any CPU = Debug|Any CPU
		Release|Any CPU = Release|Any CPU
	EndGlobalSection
	GlobalSection(ProjectConfigurationPlatforms) = postSolution
		{DFFA8B5F-026D-4770-A337-F2264FFB42B7}.Debug|Any CPU.ActiveCfg = Debug|Any CPU
		{DFFA8B5F-026D-4770-A337-F2264FFB42B7}.Debug|Any CPU.Build.0 = Debug|Any CPU
		{DFFA8B5F-026D-4770-A337-F2264FFB42B7}.Release|Any CPU.ActiveCfg = Release|Any CPU
		{DFFA8B5F-026D-4770-A337-F2264FFB42B7}.Release|Any CPU.Build.0 = Release|Any CPU
	EndGlobalSection
	GlobalSection(SolutionProperties) = preSolution
		HideSolutionNode = FALSE
	EndGlobalSection
	GlobalSection(ExtensibilityGlobals) = postSolution
		SolutionGuid = {C71BA065-FE0C-44DC-AA23-1D302EC7EE4B}
	EndGlobalSection
EndGlobal
